
Microsoft Visual Studio Solution File, Format Version 12.00
# Visual Studio Version 16
VisualStudioVersion = 16.0.29503.13
MinimumVisualStudioVersion = 10.0.40219.1
Project("{F2A71F9B-5D33-465A-A702-920D77279786}") = "ImpMapsDownloader", "ImpMapsDownloader\ImpMapsDownloader.fsproj", "{5BD19A13-506B-42EC-A482-4598EB524D7D}"
EndProject
Global
	GlobalSection(SolutionConfigurationPlatforms) = preSolution
		Debug|Any CPU = Debug|Any CPU
		Release|Any CPU = Release|Any CPU
	EndGlobalSection
	GlobalSection(ProjectConfigurationPlatforms) = postSolution
		{5BD19A13-506B-42EC-A482-4598EB524D7D}.Debug|Any CPU.ActiveCfg = Debug|Any CPU
		{5BD19A13-506B-42EC-A482-4598EB524D7D}.Debug|Any CPU.Build.0 = Debug|Any CPU
		{5BD19A13-506B-42EC-A482-4598EB524D7D}.Release|Any CPU.ActiveCfg = Release|Any CPU
		{5BD19A13-506B-42EC-A482-4598EB524D7D}.Release|Any CPU.Build.0 = Release|Any CPU
	EndGlobalSection
	GlobalSection(SolutionProperties) = preSolution
		HideSolutionNode = FALSE
	EndGlobalSection
	GlobalSection(ExtensibilityGlobals) = postSolution
		SolutionGuid = {DC704810-E658-4252-A901-351420E023DA}
	EndGlobalSection
EndGlobal
